# This file was autogenerated by Stack.
# You should not edit this file by hand.
# For more information, please see the documentation at:
#   https://docs.haskellstack.org/en/stable/lock_files

packages:
- completed:
    hackage: lift-type-0.1.0.1@sha256:6e38e49bf086fd2203346417d96ad2e6c300d8d8f41d222780abdccc7a4e451b,1106
    pantry-tree:
      size: 361
      sha256: 9de4bdc6ce32b78c28b4bce75b5b2e488bf0f875a136ae269a02df804eb94a1a
  original:
    hackage: lift-type-0.1.0.1
- completed:
    hackage: postgresql-simple-0.6.4@sha256:fb2779b909d7e7060662bcfa051c958ea984b96a1e30f71a693e30bd80a492cf,5220
    pantry-tree:
      size: 4197
      sha256: 445b74c20013fa7c89627f4351410b50617f543760353b8e8284cebfc34ebb69
  original:
    hackage: postgresql-simple-0.6.4
- completed:
    hackage: th-lift-instances-0.1.1@sha256:5aa8ee7cc362c3db538c8aea34a93c8203ecaf128da9ced3c1058029c246c1a7,1884
    pantry-tree:
      size: 584
      sha256: f48bd087beb137c2e698f25d3a66da20a1a4a6b4a019e0c7449ce54bc9724a58
  original:
    hackage: th-lift-instances-0.1.1
- completed:
    hackage: postgresql-libpq-0.9.4.3@sha256:a20a7a263343247526141d99154c9fa801e6d19e8e4da04849bc843f82db91b2,2803
    pantry-tree:
      size: 629
      sha256: 7f1ea7a2ad2c125c153437c60d767e71bf569fe6f04bcfa3b6bad25135ba1224
  original:
    hackage: postgresql-libpq-0.9.4.3@sha256:a20a7a263343247526141d99154c9fa801e6d19e8e4da04849bc843f82db91b2,2803
- completed:
    hackage: time-compat-1.9.5@sha256:a586bd5a59b47ea0c9eafc55c6936ede11126f4a6e619d6d7aeefee73c43d9b8,4954
    pantry-tree:
      size: 4112
      sha256: 33fae470570e9ddcb5eacd33924c8b2118936fa4b633cd3350d3a53df5b17d54
  original:
    hackage: time-compat-1.9.5@sha256:a586bd5a59b47ea0c9eafc55c6936ede11126f4a6e619d6d7aeefee73c43d9b8,4954
snapshots:
- completed:
    size: 509471
    url: https://raw.githubusercontent.com/commercialhaskell/stackage-snapshots/master/lts/12/26.yaml
    sha256: 95f014df58d0679b1c4a2b7bf2b652b61da8d30de5f571abb0d59015ef678646
  original: lts-12.26
