# This file was autogenerated by Stack.
# You should not edit this file by hand.
# For more information, please see the documentation at:
#   https://docs.haskellstack.org/en/stable/lock_files

packages:
- completed:
    hackage: lift-type-0.1.0.1@sha256:6e38e49bf086fd2203346417d96ad2e6c300d8d8f41d222780abdccc7a4e451b,1106
    pantry-tree:
      size: 361
      sha256: 9de4bdc6ce32b78c28b4bce75b5b2e488bf0f875a136ae269a02df804eb94a1a
  original:
    hackage: lift-type-0.1.0.1
snapshots:
- completed:
    size: 567669
    url: https://raw.githubusercontent.com/commercialhaskell/stackage-snapshots/master/lts/17/12.yaml
    sha256: facf6cac73b22a83ca955b580a98a7a09ed71f8f974c7a55d28e608c23e689a9
  original: lts-17.12
