# This file was autogenerated by Stack.
# You should not edit this file by hand.
# For more information, please see the documentation at:
#   https://docs.haskellstack.org/en/stable/lock_files

packages:
- completed:
    hackage: lift-type-0.1.0.0@sha256:b52c172fc19635e53fa72874ac0e09b08b4bc2c711f57f883181f348799abd6f,1095
    pantry-tree:
      size: 360
      sha256: 2ae816ebaef99ad169d95189cefa2113600ae2185e6af861984d91cbcd4bb3f0
  original:
    hackage: lift-type-0.1.0.0
snapshots:
- completed:
    size: 565720
    url: https://raw.githubusercontent.com/commercialhaskell/stackage-snapshots/master/lts/17/8.yaml
    sha256: 76bf8992ff8dfe6eda9c02f81866138c2369344d5011ab39ae403457c4448b03
  original: lts-17.8
