# This file was autogenerated by Stack.
# You should not edit this file by hand.
# For more information, please see the documentation at:
#   https://docs.haskellstack.org/en/stable/lock_files

packages:
- completed:
    hackage: lift-type-0.1.0.0@sha256:b52c172fc19635e53fa72874ac0e09b08b4bc2c711f57f883181f348799abd6f,1095
    pantry-tree:
      size: 360
      sha256: 2ae816ebaef99ad169d95189cefa2113600ae2185e6af861984d91cbcd4bb3f0
  original:
    hackage: lift-type-0.1.0.0
snapshots:
- completed:
    size: 585640
    url: https://raw.githubusercontent.com/commercialhaskell/stackage-snapshots/master/nightly/2021/5/20.yaml
    sha256: d88510fd34508e8a6c0e6545ba63bf716c6c2a8476040259bac115b1f533653c
  original: nightly-2021-05-20
