# This file was autogenerated by Stack.
# You should not edit this file by hand.
# For more information, please see the documentation at:
#   https://docs.haskellstack.org/en/stable/lock_files

packages:
- completed:
    hackage: lift-type-0.1.0.0@sha256:b52c172fc19635e53fa72874ac0e09b08b4bc2c711f57f883181f348799abd6f,1095
    pantry-tree:
      size: 360
      sha256: 2ae816ebaef99ad169d95189cefa2113600ae2185e6af861984d91cbcd4bb3f0
  original:
    hackage: lift-type-0.1.0.0
- completed:
    hackage: dhall-1.37.1@sha256:447031286e8fe270b0baacd9cc5a8af340d2ae94bb53b85807bee93381ca5287,35080
    pantry-tree:
      size: 305799
      sha256: 623de5587e614ace2b6e2f908ccd4b4eec26db9cf29de45874bed8c0bdef2db8
  original:
    hackage: dhall-1.37.1
- completed:
    hackage: generic-lens-2.0.0.0@sha256:7409fa0ce540d0bd41acf596edd1c5d0c0ab1cd1294d514cf19c5c24e8ef2550,3866
    pantry-tree:
      size: 2470
      sha256: 46ba160f0efc9c805eac6666f298f48dda899834b68c860f63641ce1f82db737
  original:
    hackage: generic-lens-2.0.0.0
- completed:
    hackage: generic-lens-core-2.0.0.0@sha256:40b063c4a1399b3cdb19f2df1fae5a1a82f3313015c7c3e47fc23b8ef1b3e443,2913
    pantry-tree:
      size: 2201
      sha256: 73f91636570c0e96044f655402ccbf6adba78d3a93f8d9ee97f3115bae096536
  original:
    hackage: generic-lens-core-2.0.0.0
snapshots:
- completed:
    size: 585640
    url: https://raw.githubusercontent.com/commercialhaskell/stackage-snapshots/master/nightly/2021/5/20.yaml
    sha256: d88510fd34508e8a6c0e6545ba63bf716c6c2a8476040259bac115b1f533653c
  original: nightly-2021-05-20
